{
  "requires": true,
  "lockfileVersion": 1,
  "dependencies": {
    "andrescastro-frame-print": {
      "version": "1.0.0",
      "resolved": "https://registry.npmjs.org/andrescastro-frame-print/-/andrescastro-frame-print-1.0.0.tgz",
      "integrity": "sha512-q0EZSVmOlj9nHfa2zQZhq9UyxJuGT0o+93X8lGeGkH/oKCeuAyl9g5q8tupZyZtpV8BOjYKMJfu0SeBNz/L9kg=="
    }
  }
}
